hash: 5aaa4dba5e2e1f67bf6c87ba74ab8b8f98d68407d1f2945bb0406c5ac4c33a51
updated: 2017-12-19T12:05:04.3378408+01:00
imports:
- name: github.com/emicklei/go-restful
  version: 5741799b275a3c4a5a9623a993576d7545cf7b5c
  subpackages:
  - log
- name: github.com/go-bongo/bongo
  version: 58e3a1fbb5ea15dde8675b60becb2a9950e70164
- name: github.com/golang/glog
  version: 23def4e6c14b4da8ac2ed8007337bc5eb5007998
- name: github.com/maxwellhealth/go-dotaccess
  version: ae070a2d2a38fd7233e255ded21fb26fe36b4796
- name: github.com/oleiade/reflections
  version: 0e86b3c98b2ff33e30c85cfe97d9a63d439fe7eb
- name: gopkg.in/alexcesaro/quotedprintable.v3
  version: 2caba252f4dc53eaf6b553000885530023f54623
- name: gopkg.in/gomail.v2
  version: 81ebce5c23dfd25c6c67194b37d3dd3f338c98b1
- name: gopkg.in/mgo.v2
  version: 3f83fa5005286a7fe593b055f0d7771a7dce4655
  subpackages:
  - bson
  - internal/json
  - internal/sasl
  - internal/scram
- name: gopkg.in/yaml.v2
  version: 287cf08546ab5e7e37d55a84f7ed3fd1db036de5
testImports: []
