hash: e08ecd838c9af1ea7f918bcd71995fe2cbf50236f94def7a1cce4a28f27b2349
updated: 2017-12-21T16:11:07.6558344+01:00
imports:
- name: github.com/dchest/blake2b
  version: 06006a921c7d13e3fdf63c401cb0e4529a26e6e4
- name: github.com/emicklei/go-restful
  version: 5741799b275a3c4a5a9623a993576d7545cf7b5c
  subpackages:
  - log
- name: github.com/go-bongo/bongo
  version: 58e3a1fbb5ea15dde8675b60becb2a9950e70164
- name: github.com/golang/glog
  version: 23def4e6c14b4da8ac2ed8007337bc5eb5007998
- name: github.com/magical/argon2
  version: 190e3cf208e185668db6aa048e4985b7b7b4d890
- name: github.com/maxwellhealth/go-dotaccess
  version: ae070a2d2a38fd7233e255ded21fb26fe36b4796
- name: github.com/oleiade/reflections
  version: 0e86b3c98b2ff33e30c85cfe97d9a63d439fe7eb
- name: gopkg.in/alexcesaro/quotedprintable.v3
  version: 2caba252f4dc53eaf6b553000885530023f54623
- name: gopkg.in/gomail.v2
  version: 81ebce5c23dfd25c6c67194b37d3dd3f338c98b1
- name: gopkg.in/mgo.v2
  version: 3f83fa5005286a7fe593b055f0d7771a7dce4655
  subpackages:
  - bson
  - internal/json
  - internal/sasl
  - internal/scram
- name: gopkg.in/yaml.v2
  version: 287cf08546ab5e7e37d55a84f7ed3fd1db036de5
testImports: []
